
Microsoft Visual Studio Solution File, Format Version 12.00
# Visual Studio 15
VisualStudioVersion = 15.0.27428.2011
MinimumVisualStudioVersion = 10.0.40219.1
Project("{9A19103F-16F7-4668-BE54-9A1E7A4F7556}") = "AMANDAPI", "AMANDAPI\AMANDAPI.csproj", "{A67FF2F5-63A8-452B-9092-C6EFDB91C7C2}"
EndProject
Project("{9A19103F-16F7-4668-BE54-9A1E7A4F7556}") = "ImageControllerTest", "ImageControllerTest\ImageControllerTest.csproj", "{0C21EE40-C167-4B6A-B570-046AA824C8A2}"
EndProject
Project("{9A19103F-16F7-4668-BE54-9A1E7A4F7556}") = "XUnitTestProject1", "XUnitTestProject1\XUnitTestProject1.csproj", "{86A57B84-0AC0-4783-91C6-74183B7D7EB8}"
EndProject
Global
	GlobalSection(SolutionConfigurationPlatforms) = preSolution
		Debug|Any CPU = Debug|Any CPU
		Release|Any CPU = Release|Any CPU
	EndGlobalSection
	GlobalSection(ProjectConfigurationPlatforms) = postSolution
		{A67FF2F5-63A8-452B-9092-C6EFDB91C7C2}.Debug|Any CPU.ActiveCfg = Debug|Any CPU
		{A67FF2F5-63A8-452B-9092-C6EFDB91C7C2}.Debug|Any CPU.Build.0 = Debug|Any CPU
		{A67FF2F5-63A8-452B-9092-C6EFDB91C7C2}.Release|Any CPU.ActiveCfg = Release|Any CPU
		{A67FF2F5-63A8-452B-9092-C6EFDB91C7C2}.Release|Any CPU.Build.0 = Release|Any CPU
		{0C21EE40-C167-4B6A-B570-046AA824C8A2}.Debug|Any CPU.ActiveCfg = Debug|Any CPU
		{0C21EE40-C167-4B6A-B570-046AA824C8A2}.Debug|Any CPU.Build.0 = Debug|Any CPU
		{0C21EE40-C167-4B6A-B570-046AA824C8A2}.Release|Any CPU.ActiveCfg = Release|Any CPU
		{0C21EE40-C167-4B6A-B570-046AA824C8A2}.Release|Any CPU.Build.0 = Release|Any CPU
		{86A57B84-0AC0-4783-91C6-74183B7D7EB8}.Debug|Any CPU.ActiveCfg = Debug|Any CPU
		{86A57B84-0AC0-4783-91C6-74183B7D7EB8}.Debug|Any CPU.Build.0 = Debug|Any CPU
		{86A57B84-0AC0-4783-91C6-74183B7D7EB8}.Release|Any CPU.ActiveCfg = Release|Any CPU
		{86A57B84-0AC0-4783-91C6-74183B7D7EB8}.Release|Any CPU.Build.0 = Release|Any CPU
	EndGlobalSection
	GlobalSection(SolutionProperties) = preSolution
		HideSolutionNode = FALSE
	EndGlobalSection
	GlobalSection(ExtensibilityGlobals) = postSolution
		SolutionGuid = {C6E23B47-302F-4781-8918-D7630AE1E320}
	EndGlobalSection
EndGlobal
